
Microsoft Visual Studio Solution File, Format Version 12.00
# Visual Studio 15
VisualStudioVersion = 15.0.27004.2009
MinimumVisualStudioVersion = 10.0.40219.1
Project("{9A19103F-16F7-4668-BE54-9A1E7A4F7556}") = "BugManagement", "BugManagement\BugManagement.csproj", "{256A08B8-FF53-4FB6-A487-AF2A3DBEB1CA}"
EndProject
Project("{9A19103F-16F7-4668-BE54-9A1E7A4F7556}") = "BugManagement.Infrastructure", "BugManagement.Infrastructure\BugManagement.Infrastructure.csproj", "{9168E944-9A5B-4140-84F4-532251E48721}"
EndProject
Project("{FAE04EC0-301F-11D3-BF4B-00C04F79EFBC}") = "BugManagement.Application", "BugManagement.Application\BugManagement.Application.csproj", "{454FB846-17B5-45FE-807F-A1F039E32771}"
EndProject
Project("{FAE04EC0-301F-11D3-BF4B-00C04F79EFBC}") = "BugManagement.Common", "BugManagement.Common\BugManagement.Common.csproj", "{B7A90187-1902-4AE0-8649-BA7179775952}"
EndProject
Project("{FAE04EC0-301F-11D3-BF4B-00C04F79EFBC}") = "BugManagement.Core", "BugManagement.Core\BugManagement.Core.csproj", "{D064E42C-2701-4399-B83A-D30767046EAF}"
EndProject
Global
	GlobalSection(SolutionConfigurationPlatforms) = preSolution
		Debug|Any CPU = Debug|Any CPU
		Release|Any CPU = Release|Any CPU
	EndGlobalSection
	GlobalSection(ProjectConfigurationPlatforms) = postSolution
		{256A08B8-FF53-4FB6-A487-AF2A3DBEB1CA}.Debug|Any CPU.ActiveCfg = Debug|Any CPU
		{256A08B8-FF53-4FB6-A487-AF2A3DBEB1CA}.Debug|Any CPU.Build.0 = Debug|Any CPU
		{256A08B8-FF53-4FB6-A487-AF2A3DBEB1CA}.Release|Any CPU.ActiveCfg = Release|Any CPU
		{256A08B8-FF53-4FB6-A487-AF2A3DBEB1CA}.Release|Any CPU.Build.0 = Release|Any CPU
		{9168E944-9A5B-4140-84F4-532251E48721}.Debug|Any CPU.ActiveCfg = Debug|Any CPU
		{9168E944-9A5B-4140-84F4-532251E48721}.Debug|Any CPU.Build.0 = Debug|Any CPU
		{9168E944-9A5B-4140-84F4-532251E48721}.Release|Any CPU.ActiveCfg = Release|Any CPU
		{9168E944-9A5B-4140-84F4-532251E48721}.Release|Any CPU.Build.0 = Release|Any CPU
		{454FB846-17B5-45FE-807F-A1F039E32771}.Debug|Any CPU.ActiveCfg = Debug|Any CPU
		{454FB846-17B5-45FE-807F-A1F039E32771}.Debug|Any CPU.Build.0 = Debug|Any CPU
		{454FB846-17B5-45FE-807F-A1F039E32771}.Release|Any CPU.ActiveCfg = Release|Any CPU
		{454FB846-17B5-45FE-807F-A1F039E32771}.Release|Any CPU.Build.0 = Release|Any CPU
		{B7A90187-1902-4AE0-8649-BA7179775952}.Debug|Any CPU.ActiveCfg = Debug|Any CPU
		{B7A90187-1902-4AE0-8649-BA7179775952}.Debug|Any CPU.Build.0 = Debug|Any CPU
		{B7A90187-1902-4AE0-8649-BA7179775952}.Release|Any CPU.ActiveCfg = Release|Any CPU
		{B7A90187-1902-4AE0-8649-BA7179775952}.Release|Any CPU.Build.0 = Release|Any CPU
		{D064E42C-2701-4399-B83A-D30767046EAF}.Debug|Any CPU.ActiveCfg = Debug|Any CPU
		{D064E42C-2701-4399-B83A-D30767046EAF}.Debug|Any CPU.Build.0 = Debug|Any CPU
		{D064E42C-2701-4399-B83A-D30767046EAF}.Release|Any CPU.ActiveCfg = Release|Any CPU
		{D064E42C-2701-4399-B83A-D30767046EAF}.Release|Any CPU.Build.0 = Release|Any CPU
	EndGlobalSection
	GlobalSection(SolutionProperties) = preSolution
		HideSolutionNode = FALSE
	EndGlobalSection
	GlobalSection(ExtensibilityGlobals) = postSolution
		SolutionGuid = {CABA1A5D-26DB-4104-BA6B-830EF04ACB56}
	EndGlobalSection
EndGlobal
